
Microsoft Visual Studio Solution File, Format Version 12.00
# Visual Studio 2013
VisualStudioVersion = 12.0.30723.0
MinimumVisualStudioVersion = 10.0.40219.1
Project("{FAE04EC0-301F-11D3-BF4B-00C04F79EFBC}") = "EasyClean", "EasyClean\EasyClean.csproj", "{810F0286-CCAB-4AB1-AD15-1C8040A0E451}"
EndProject
Global
	GlobalSection(SolutionConfigurationPlatforms) = preSolution
		Debug|Any CPU = Debug|Any CPU
		Release|Any CPU = Release|Any CPU
	EndGlobalSection
	GlobalSection(ProjectConfigurationPlatforms) = postSolution
		{810F0286-CCAB-4AB1-AD15-1C8040A0E451}.Debug|Any CPU.ActiveCfg = Debug|Any CPU
		{810F0286-CCAB-4AB1-AD15-1C8040A0E451}.Debug|Any CPU.Build.0 = Debug|Any CPU
		{810F0286-CCAB-4AB1-AD15-1C8040A0E451}.Release|Any CPU.ActiveCfg = Release|Any CPU
		{810F0286-CCAB-4AB1-AD15-1C8040A0E451}.Release|Any CPU.Build.0 = Release|Any CPU
	EndGlobalSection
	GlobalSection(SolutionProperties) = preSolution
		HideSolutionNode = FALSE
	EndGlobalSection
EndGlobal
